
Microsoft Visual Studio Solution File, Format Version 12.00
# Visual Studio Version 17
VisualStudioVersion = 17.0.31903.59
MinimumVisualStudioVersion = 10.0.40219.1
Project("{FAE04EC0-301F-11D3-BF4B-00C04F79EFBC}") = "RightSize", "RightSize\RightSize.csproj", "{370784DF-03F2-4B66-9139-6346B7971C1D}"
EndProject
Project("{FAE04EC0-301F-11D3-BF4B-00C04F79EFBC}") = "ChangeString", "ChangeString\ChangeString.csproj", "{C76FC6BF-DACE-4E2A-B082-AD12FBD33024}"
EndProject
Project("{FAE04EC0-301F-11D3-BF4B-00C04F79EFBC}") = "ArrayMult", "ArrayMult\ArrayMult.csproj", "{8827794D-718D-4B39-8C6F-B2E3B899584B}"
EndProject
Project("{FAE04EC0-301F-11D3-BF4B-00C04F79EFBC}") = "Perks", "Perks\Perks.csproj", "{FADADE60-C7DF-42DE-B329-B07DA3349A0F}"
EndProject
Global
	GlobalSection(SolutionConfigurationPlatforms) = preSolution
		Debug|Any CPU = Debug|Any CPU
		Release|Any CPU = Release|Any CPU
	EndGlobalSection
	GlobalSection(SolutionProperties) = preSolution
		HideSolutionNode = FALSE
	EndGlobalSection
	GlobalSection(ProjectConfigurationPlatforms) = postSolution
		{370784DF-03F2-4B66-9139-6346B7971C1D}.Debug|Any CPU.ActiveCfg = Debug|Any CPU
		{370784DF-03F2-4B66-9139-6346B7971C1D}.Debug|Any CPU.Build.0 = Debug|Any CPU
		{370784DF-03F2-4B66-9139-6346B7971C1D}.Release|Any CPU.ActiveCfg = Release|Any CPU
		{370784DF-03F2-4B66-9139-6346B7971C1D}.Release|Any CPU.Build.0 = Release|Any CPU
		{C76FC6BF-DACE-4E2A-B082-AD12FBD33024}.Debug|Any CPU.ActiveCfg = Debug|Any CPU
		{C76FC6BF-DACE-4E2A-B082-AD12FBD33024}.Debug|Any CPU.Build.0 = Debug|Any CPU
		{C76FC6BF-DACE-4E2A-B082-AD12FBD33024}.Release|Any CPU.ActiveCfg = Release|Any CPU
		{C76FC6BF-DACE-4E2A-B082-AD12FBD33024}.Release|Any CPU.Build.0 = Release|Any CPU
		{8827794D-718D-4B39-8C6F-B2E3B899584B}.Debug|Any CPU.ActiveCfg = Debug|Any CPU
		{8827794D-718D-4B39-8C6F-B2E3B899584B}.Debug|Any CPU.Build.0 = Debug|Any CPU
		{8827794D-718D-4B39-8C6F-B2E3B899584B}.Release|Any CPU.ActiveCfg = Release|Any CPU
		{8827794D-718D-4B39-8C6F-B2E3B899584B}.Release|Any CPU.Build.0 = Release|Any CPU
		{FADADE60-C7DF-42DE-B329-B07DA3349A0F}.Debug|Any CPU.ActiveCfg = Debug|Any CPU
		{FADADE60-C7DF-42DE-B329-B07DA3349A0F}.Debug|Any CPU.Build.0 = Debug|Any CPU
		{FADADE60-C7DF-42DE-B329-B07DA3349A0F}.Release|Any CPU.ActiveCfg = Release|Any CPU
		{FADADE60-C7DF-42DE-B329-B07DA3349A0F}.Release|Any CPU.Build.0 = Release|Any CPU
	EndGlobalSection
EndGlobal
